
Microsoft Visual Studio Solution File, Format Version 12.00
# Visual Studio Version 17
VisualStudioVersion = 17.3.32922.545
MinimumVisualStudioVersion = 10.0.40219.1
Project("{FAE04EC0-301F-11D3-BF4B-00C04F79EFBC}") = "student-mark-list-cs", "student-mark-list-cs\student-mark-list-cs.csproj", "{9E590CDE-0C9C-49B4-9D00-C40261B77583}"
EndProject
Global
	GlobalSection(SolutionConfigurationPlatforms) = preSolution
		Debug|Any CPU = Debug|Any CPU
		Release|Any CPU = Release|Any CPU
	EndGlobalSection
	GlobalSection(ProjectConfigurationPlatforms) = postSolution
		{9E590CDE-0C9C-49B4-9D00-C40261B77583}.Debug|Any CPU.ActiveCfg = Debug|Any CPU
		{9E590CDE-0C9C-49B4-9D00-C40261B77583}.Debug|Any CPU.Build.0 = Debug|Any CPU
		{9E590CDE-0C9C-49B4-9D00-C40261B77583}.Release|Any CPU.ActiveCfg = Release|Any CPU
		{9E590CDE-0C9C-49B4-9D00-C40261B77583}.Release|Any CPU.Build.0 = Release|Any CPU
	EndGlobalSection
	GlobalSection(SolutionProperties) = preSolution
		HideSolutionNode = FALSE
	EndGlobalSection
	GlobalSection(ExtensibilityGlobals) = postSolution
		SolutionGuid = {8E449E9D-BB96-47A0-851B-856B05169699}
	EndGlobalSection
EndGlobal
