
Microsoft Visual Studio Solution File, Format Version 12.00
# Visual Studio Version 17
VisualStudioVersion = 17.3.32929.385
MinimumVisualStudioVersion = 10.0.40219.1
Project("{FAE04EC0-301F-11D3-BF4B-00C04F79EFBC}") = "get-cost-area-cs", "get-cost-area-cs\get-cost-area-cs.csproj", "{0673B4F2-C54E-4212-A490-9A503246D1DC}"
EndProject
Global
	GlobalSection(SolutionConfigurationPlatforms) = preSolution
		Debug|Any CPU = Debug|Any CPU
		Release|Any CPU = Release|Any CPU
	EndGlobalSection
	GlobalSection(ProjectConfigurationPlatforms) = postSolution
		{0673B4F2-C54E-4212-A490-9A503246D1DC}.Debug|Any CPU.ActiveCfg = Debug|Any CPU
		{0673B4F2-C54E-4212-A490-9A503246D1DC}.Debug|Any CPU.Build.0 = Debug|Any CPU
		{0673B4F2-C54E-4212-A490-9A503246D1DC}.Release|Any CPU.ActiveCfg = Release|Any CPU
		{0673B4F2-C54E-4212-A490-9A503246D1DC}.Release|Any CPU.Build.0 = Release|Any CPU
	EndGlobalSection
	GlobalSection(SolutionProperties) = preSolution
		HideSolutionNode = FALSE
	EndGlobalSection
	GlobalSection(ExtensibilityGlobals) = postSolution
		SolutionGuid = {2FF355D8-4343-4447-9387-3B3FAD961EF4}
	EndGlobalSection
EndGlobal
