
Microsoft Visual Studio Solution File, Format Version 12.00
# Visual Studio Version 17
VisualStudioVersion = 17.3.32929.385
MinimumVisualStudioVersion = 10.0.40219.1
Project("{FAE04EC0-301F-11D3-BF4B-00C04F79EFBC}") = "vowels-cs", "vowels-cs\vowels-cs.csproj", "{DF080DA9-F320-4ABB-9D43-D26FE607EE65}"
EndProject
Global
	GlobalSection(SolutionConfigurationPlatforms) = preSolution
		Debug|Any CPU = Debug|Any CPU
		Release|Any CPU = Release|Any CPU
	EndGlobalSection
	GlobalSection(ProjectConfigurationPlatforms) = postSolution
		{DF080DA9-F320-4ABB-9D43-D26FE607EE65}.Debug|Any CPU.ActiveCfg = Debug|Any CPU
		{DF080DA9-F320-4ABB-9D43-D26FE607EE65}.Debug|Any CPU.Build.0 = Debug|Any CPU
		{DF080DA9-F320-4ABB-9D43-D26FE607EE65}.Release|Any CPU.ActiveCfg = Release|Any CPU
		{DF080DA9-F320-4ABB-9D43-D26FE607EE65}.Release|Any CPU.Build.0 = Release|Any CPU
	EndGlobalSection
	GlobalSection(SolutionProperties) = preSolution
		HideSolutionNode = FALSE
	EndGlobalSection
	GlobalSection(ExtensibilityGlobals) = postSolution
		SolutionGuid = {8CE6AB37-54BE-4663-B538-DFA8B7B5E9B6}
	EndGlobalSection
EndGlobal
